
Microsoft Visual Studio Solution File, Format Version 12.00
# Visual Studio 15
Project("{FAE04EC0-301F-11D3-BF4B-00C04F79EFBC}") = "Unity.Cursor.Editor", "Unity.Cursor.Editor.csproj", "{FA55B9C6-82FD-80DF-247D-B68D360DF84E}"
EndProject
Project("{FAE04EC0-301F-11D3-BF4B-00C04F79EFBC}") = "Assembly-CSharp", "Assembly-CSharp.csproj", "{154A293B-7A6F-B4BC-9C2B-13B3228BECFC}"
EndProject
Global
	GlobalSection(SolutionConfigurationPlatforms) = preSolution
		Debug|Any CPU = Debug|Any CPU
		Release|Any CPU = Release|Any CPU
	EndGlobalSection
	GlobalSection(ProjectConfigurationPlatforms) = postSolution
		{FA55B9C6-82FD-80DF-247D-B68D360DF84E}.Debug|Any CPU.ActiveCfg = Debug|Any CPU
		{FA55B9C6-82FD-80DF-247D-B68D360DF84E}.Debug|Any CPU.Build.0 = Debug|Any CPU
		{FA55B9C6-82FD-80DF-247D-B68D360DF84E}.Release|Any CPU.ActiveCfg = Release|Any CPU
		{FA55B9C6-82FD-80DF-247D-B68D360DF84E}.Release|Any CPU.Build.0 = Release|Any CPU
		{154A293B-7A6F-B4BC-9C2B-13B3228BECFC}.Debug|Any CPU.ActiveCfg = Debug|Any CPU
		{154A293B-7A6F-B4BC-9C2B-13B3228BECFC}.Debug|Any CPU.Build.0 = Debug|Any CPU
		{154A293B-7A6F-B4BC-9C2B-13B3228BECFC}.Release|Any CPU.ActiveCfg = Release|Any CPU
		{154A293B-7A6F-B4BC-9C2B-13B3228BECFC}.Release|Any CPU.Build.0 = Release|Any CPU
	EndGlobalSection
	GlobalSection(SolutionProperties) = preSolution
		HideSolutionNode = FALSE
	EndGlobalSection
EndGlobal
